
Microsoft Visual Studio Solution File, Format Version 12.00
# Visual Studio 2012
Project("{FAE04EC0-301F-11D3-BF4B-00C04F79EFBC}") = "ExpediterReload", "ExpediterReload\ExpediterReload.csproj", "{8F712320-C471-42B7-9620-6E2D8229F119}"
EndProject
Global
	GlobalSection(TeamFoundationVersionControl) = preSolution
		SccNumberOfProjects = 2
		SccEnterpriseProvider = {4CA58AB2-18FA-4F8D-95D4-32DDF27D184C}
		SccTeamFoundationServer = http://vsfoundations:8080/tfs/insiteonline
		SccLocalPath0 = .
		SccProjectUniqueName1 = ExpediterReload\\ExpediterReload.csproj
		SccProjectName1 = ExpediterReload
		SccLocalPath1 = ExpediterReload
	EndGlobalSection
	GlobalSection(SolutionConfigurationPlatforms) = preSolution
		Debug|Any CPU = Debug|Any CPU
		Release|Any CPU = Release|Any CPU
	EndGlobalSection
	GlobalSection(ProjectConfigurationPlatforms) = postSolution
		{8F712320-C471-42B7-9620-6E2D8229F119}.Debug|Any CPU.ActiveCfg = Debug|Any CPU
		{8F712320-C471-42B7-9620-6E2D8229F119}.Debug|Any CPU.Build.0 = Debug|Any CPU
		{8F712320-C471-42B7-9620-6E2D8229F119}.Release|Any CPU.ActiveCfg = Release|Any CPU
		{8F712320-C471-42B7-9620-6E2D8229F119}.Release|Any CPU.Build.0 = Release|Any CPU
	EndGlobalSection
	GlobalSection(SolutionProperties) = preSolution
		HideSolutionNode = FALSE
	EndGlobalSection
EndGlobal
