
Microsoft Visual Studio Solution File, Format Version 12.00
# Visual Studio 15
VisualStudioVersion = 15.0.28307.1525
MinimumVisualStudioVersion = 10.0.40219.1
Project("{F184B08F-C81C-45F6-A57F-5ABD9991F28F}") = "Orderstatus_summaryemails", "Orderstatus_summaryemails\Orderstatus_summaryemails.vbproj", "{F6AA5619-FA6E-4845-9A01-3D0AED1101F6}"
EndProject
Global
	GlobalSection(SolutionConfigurationPlatforms) = preSolution
		Debug|Any CPU = Debug|Any CPU
		Release|Any CPU = Release|Any CPU
	EndGlobalSection
	GlobalSection(ProjectConfigurationPlatforms) = postSolution
		{F6AA5619-FA6E-4845-9A01-3D0AED1101F6}.Debug|Any CPU.ActiveCfg = Debug|Any CPU
		{F6AA5619-FA6E-4845-9A01-3D0AED1101F6}.Debug|Any CPU.Build.0 = Debug|Any CPU
		{F6AA5619-FA6E-4845-9A01-3D0AED1101F6}.Release|Any CPU.ActiveCfg = Release|Any CPU
		{F6AA5619-FA6E-4845-9A01-3D0AED1101F6}.Release|Any CPU.Build.0 = Release|Any CPU
	EndGlobalSection
	GlobalSection(SolutionProperties) = preSolution
		HideSolutionNode = FALSE
	EndGlobalSection
	GlobalSection(ExtensibilityGlobals) = postSolution
		SolutionGuid = {CEDB13A2-ABA8-4849-A834-C9C5FA7BB6A4}
	EndGlobalSection
EndGlobal
