
Microsoft Visual Studio Solution File, Format Version 11.00
# Visual Studio 2010
Project("{F184B08F-C81C-45F6-A57F-5ABD9991F28F}") = "AmazonClient", "AmazonClient\AmazonClient.vbproj", "{EC4FA2E9-9833-4AD1-B1F2-3612AF378C50}"
EndProject
Global
	GlobalSection(TeamFoundationVersionControl) = preSolution
		SccNumberOfProjects = 2
		SccEnterpriseProvider = {4CA58AB2-18FA-4F8D-95D4-32DDF27D184C}
		SccTeamFoundationServer = http://vsfoundations:8080/tfs/insiteonline
		SccLocalPath0 = .
		SccProjectUniqueName1 = AmazonClient\\AmazonClient.vbproj
		SccProjectName1 = AmazonClient
		SccLocalPath1 = AmazonClient
	EndGlobalSection
	GlobalSection(SolutionConfigurationPlatforms) = preSolution
		Debug|x86 = Debug|x86
		Release|x86 = Release|x86
	EndGlobalSection
	GlobalSection(ProjectConfigurationPlatforms) = postSolution
		{EC4FA2E9-9833-4AD1-B1F2-3612AF378C50}.Debug|x86.ActiveCfg = Debug|x86
		{EC4FA2E9-9833-4AD1-B1F2-3612AF378C50}.Debug|x86.Build.0 = Debug|x86
		{EC4FA2E9-9833-4AD1-B1F2-3612AF378C50}.Release|x86.ActiveCfg = Release|x86
		{EC4FA2E9-9833-4AD1-B1F2-3612AF378C50}.Release|x86.Build.0 = Release|x86
	EndGlobalSection
	GlobalSection(SolutionProperties) = preSolution
		HideSolutionNode = FALSE
	EndGlobalSection
EndGlobal
