
Microsoft Visual Studio Solution File, Format Version 11.00
# Visual Studio 2010
Project("{F184B08F-C81C-45F6-A57F-5ABD9991F28F}") = "CytecMaxBuildXmlOutNstkPoRcpts", "CytecMaxBuildXmlOutNstkPoRcpts\CytecMaxBuildXmlOutNstkPoRcpts.vbproj", "{49F38349-D726-49FA-AED9-D426D8439D00}"
EndProject
Global
	GlobalSection(TeamFoundationVersionControl) = preSolution
		SccNumberOfProjects = 2
		SccEnterpriseProvider = {4CA58AB2-18FA-4F8D-95D4-32DDF27D184C}
		SccTeamFoundationServer = http://vsfoundations:8080/tfs/insiteonline
		SccLocalPath0 = .
		SccProjectUniqueName1 = CytecMaxBuildXmlOutNstkPoRcpts\\CytecMaxBuildXmlOutNstkPoRcpts.vbproj
		SccProjectName1 = CytecMaxBuildXmlOutNstkPoRcpts
		SccLocalPath1 = CytecMaxBuildXmlOutNstkPoRcpts
	EndGlobalSection
	GlobalSection(SolutionConfigurationPlatforms) = preSolution
		Debug|Any CPU = Debug|Any CPU
		Debug|x86 = Debug|x86
		Release|Any CPU = Release|Any CPU
		Release|x86 = Release|x86
	EndGlobalSection
	GlobalSection(ProjectConfigurationPlatforms) = postSolution
		{49F38349-D726-49FA-AED9-D426D8439D00}.Debug|Any CPU.ActiveCfg = Debug|Any CPU
		{49F38349-D726-49FA-AED9-D426D8439D00}.Debug|Any CPU.Build.0 = Debug|Any CPU
		{49F38349-D726-49FA-AED9-D426D8439D00}.Debug|x86.ActiveCfg = Debug|x86
		{49F38349-D726-49FA-AED9-D426D8439D00}.Debug|x86.Build.0 = Debug|x86
		{49F38349-D726-49FA-AED9-D426D8439D00}.Release|Any CPU.ActiveCfg = Release|Any CPU
		{49F38349-D726-49FA-AED9-D426D8439D00}.Release|Any CPU.Build.0 = Release|Any CPU
		{49F38349-D726-49FA-AED9-D426D8439D00}.Release|x86.ActiveCfg = Release|x86
		{49F38349-D726-49FA-AED9-D426D8439D00}.Release|x86.Build.0 = Release|x86
	EndGlobalSection
	GlobalSection(SolutionProperties) = preSolution
		HideSolutionNode = FALSE
	EndGlobalSection
EndGlobal
