
Microsoft Visual Studio Solution File, Format Version 12.00
# Visual Studio 2012
Project("{F184B08F-C81C-45F6-A57F-5ABD9991F28F}") = "SendInvoiceToUnivOfChcgo", "SendInvoiceToUnivOfChcgo\SendInvoiceToUnivOfChcgo.vbproj", "{F9C222D8-A596-4B58-B3F9-E4B8DC76FCC2}"
EndProject
Global
	GlobalSection(TeamFoundationVersionControl) = preSolution
		SccNumberOfProjects = 2
		SccEnterpriseProvider = {4CA58AB2-18FA-4F8D-95D4-32DDF27D184C}
		SccTeamFoundationServer = http://vsfoundations:8080/tfs/insiteonline
		SccLocalPath0 = .
		SccProjectUniqueName1 = SendInvoiceToUnivOfChcgo\\SendInvoiceToUnivOfChcgo.vbproj
		SccProjectName1 = SendInvoiceToUnivOfChcgo
		SccLocalPath1 = SendInvoiceToUnivOfChcgo
	EndGlobalSection
	GlobalSection(SolutionConfigurationPlatforms) = preSolution
		Debug|Any CPU = Debug|Any CPU
		Release|Any CPU = Release|Any CPU
	EndGlobalSection
	GlobalSection(ProjectConfigurationPlatforms) = postSolution
		{F9C222D8-A596-4B58-B3F9-E4B8DC76FCC2}.Debug|Any CPU.ActiveCfg = Debug|Any CPU
		{F9C222D8-A596-4B58-B3F9-E4B8DC76FCC2}.Debug|Any CPU.Build.0 = Debug|Any CPU
		{F9C222D8-A596-4B58-B3F9-E4B8DC76FCC2}.Release|Any CPU.ActiveCfg = Release|Any CPU
		{F9C222D8-A596-4B58-B3F9-E4B8DC76FCC2}.Release|Any CPU.Build.0 = Release|Any CPU
	EndGlobalSection
	GlobalSection(SolutionProperties) = preSolution
		HideSolutionNode = FALSE
	EndGlobalSection
EndGlobal
