
Microsoft Visual Studio Solution File, Format Version 12.00
# Visual Studio 15
VisualStudioVersion = 15.0.28307.1062
MinimumVisualStudioVersion = 10.0.40219.1
Project("{F184B08F-C81C-45F6-A57F-5ABD9991F28F}") = "PODueDateUpdate_SC", "PODueDateUpdate_SC\PODueDateUpdate_SC.vbproj", "{BFCA0289-A6DD-4485-B42A-1C1224957B6C}"
EndProject
Global
	GlobalSection(SolutionConfigurationPlatforms) = preSolution
		Debug|Any CPU = Debug|Any CPU
		Release|Any CPU = Release|Any CPU
	EndGlobalSection
	GlobalSection(ProjectConfigurationPlatforms) = postSolution
		{BFCA0289-A6DD-4485-B42A-1C1224957B6C}.Debug|Any CPU.ActiveCfg = Debug|Any CPU
		{BFCA0289-A6DD-4485-B42A-1C1224957B6C}.Debug|Any CPU.Build.0 = Debug|Any CPU
		{BFCA0289-A6DD-4485-B42A-1C1224957B6C}.Release|Any CPU.ActiveCfg = Release|Any CPU
		{BFCA0289-A6DD-4485-B42A-1C1224957B6C}.Release|Any CPU.Build.0 = Release|Any CPU
	EndGlobalSection
	GlobalSection(SolutionProperties) = preSolution
		HideSolutionNode = FALSE
	EndGlobalSection
	GlobalSection(ExtensibilityGlobals) = postSolution
		SolutionGuid = {6C3E9FF4-CE9C-4D70-90A1-00E86E92D75E}
	EndGlobalSection
EndGlobal
