
Microsoft Visual Studio Solution File, Format Version 11.00
# Visual Studio 2010
Project("{F184B08F-C81C-45F6-A57F-5ABD9991F28F}") = "CytecMxmNstkPoRcptsIn", "CytecMxmNstkPoRcptsIn\CytecMxmNstkPoRcptsIn.vbproj", "{DDB19357-5B61-4D6D-BDB5-BF4868093296}"
EndProject
Global
	GlobalSection(TeamFoundationVersionControl) = preSolution
		SccNumberOfProjects = 2
		SccEnterpriseProvider = {4CA58AB2-18FA-4F8D-95D4-32DDF27D184C}
		SccTeamFoundationServer = http://vsfoundations:8080/tfs/insiteonline
		SccLocalPath0 = .
		SccProjectUniqueName1 = CytecMxmNstkPoRcptsIn\\CytecMxmNstkPoRcptsIn.vbproj
		SccProjectName1 = CytecMxmNstkPoRcptsIn
		SccLocalPath1 = CytecMxmNstkPoRcptsIn
	EndGlobalSection
	GlobalSection(SolutionConfigurationPlatforms) = preSolution
		Debug|x86 = Debug|x86
		Release|x86 = Release|x86
	EndGlobalSection
	GlobalSection(ProjectConfigurationPlatforms) = postSolution
		{DDB19357-5B61-4D6D-BDB5-BF4868093296}.Debug|x86.ActiveCfg = Debug|x86
		{DDB19357-5B61-4D6D-BDB5-BF4868093296}.Debug|x86.Build.0 = Debug|x86
		{DDB19357-5B61-4D6D-BDB5-BF4868093296}.Release|x86.ActiveCfg = Release|x86
		{DDB19357-5B61-4D6D-BDB5-BF4868093296}.Release|x86.Build.0 = Release|x86
	EndGlobalSection
	GlobalSection(SolutionProperties) = preSolution
		HideSolutionNode = FALSE
	EndGlobalSection
EndGlobal
