Microsoft Visual Studio Solution File, Format Version 11.00
# Visual Studio 2010
Project("{F184B08F-C81C-45F6-A57F-5ABD9991F28F}") = "ProcessOutXML", "ProcessOutXML.vbproj", "{0DDD28F1-BA4B-403B-A625-A7258C757150}"
EndProject
Global
	GlobalSection(TeamFoundationVersionControl) = preSolution
		SccNumberOfProjects = 2
		SccEnterpriseProvider = {4CA58AB2-18FA-4F8D-95D4-32DDF27D184C}
		SccTeamFoundationServer = http://vsfoundations:8080/tfs/insiteonline
		SccLocalPath0 = .
		SccProjectUniqueName1 = ProcessOutXML.vbproj
		SccLocalPath1 = .
	EndGlobalSection
	GlobalSection(SolutionConfigurationPlatforms) = preSolution
		Debug|Any CPU = Debug|Any CPU
		Debug|x64 = Debug|x64
		Debug|x86 = Debug|x86
		Release|Any CPU = Release|Any CPU
		Release|x64 = Release|x64
		Release|x86 = Release|x86
	EndGlobalSection
	GlobalSection(ProjectConfigurationPlatforms) = postSolution
		{0DDD28F1-BA4B-403B-A625-A7258C757150}.Debug|Any CPU.ActiveCfg = Debug|Any CPU
		{0DDD28F1-BA4B-403B-A625-A7258C757150}.Debug|Any CPU.Build.0 = Debug|Any CPU
		{0DDD28F1-BA4B-403B-A625-A7258C757150}.Debug|x64.ActiveCfg = Release|Any CPU
		{0DDD28F1-BA4B-403B-A625-A7258C757150}.Debug|x64.Build.0 = Release|Any CPU
		{0DDD28F1-BA4B-403B-A625-A7258C757150}.Debug|x86.ActiveCfg = Debug|x86
		{0DDD28F1-BA4B-403B-A625-A7258C757150}.Debug|x86.Build.0 = Debug|x86
		{0DDD28F1-BA4B-403B-A625-A7258C757150}.Release|Any CPU.ActiveCfg = Release|Any CPU
		{0DDD28F1-BA4B-403B-A625-A7258C757150}.Release|Any CPU.Build.0 = Release|Any CPU
		{0DDD28F1-BA4B-403B-A625-A7258C757150}.Release|x64.ActiveCfg = Release|x64
		{0DDD28F1-BA4B-403B-A625-A7258C757150}.Release|x64.Build.0 = Release|x64
		{0DDD28F1-BA4B-403B-A625-A7258C757150}.Release|x86.ActiveCfg = Release|x86
		{0DDD28F1-BA4B-403B-A625-A7258C757150}.Release|x86.Build.0 = Release|x86
	EndGlobalSection
	GlobalSection(SolutionProperties) = preSolution
		HideSolutionNode = FALSE
	EndGlobalSection
EndGlobal
