
Microsoft Visual Studio Solution File, Format Version 11.00
# Visual Studio 2010
Project("{F184B08F-C81C-45F6-A57F-5ABD9991F28F}") = "HTTP_SOAP_INTFC", "HTTP_SOAP_INTFC\HTTP_SOAP_INTFC.vbproj", "{44A6852C-CF04-4F2B-885A-E98C37E353D3}"
EndProject
Project("{F184B08F-C81C-45F6-A57F-5ABD9991F28F}") = "SDI.ApplicationLogger", "..\..\SDI.ApplicationLogger\SDI.ApplicationLogger\SDI.ApplicationLogger.vbproj", "{E35057E1-F6E3-4969-B5E8-BD198B929C46}"
EndProject
Project("{F184B08F-C81C-45F6-A57F-5ABD9991F28F}") = "SDI.EmailNotifier", "..\..\SDI.EmailNotifier\SDI.EmailNotifier\SDI.EmailNotifier.vbproj", "{49B46124-274E-40CE-B983-4487BEA2C069}"
EndProject
Global
	GlobalSection(TeamFoundationVersionControl) = preSolution
		SccNumberOfProjects = 4
		SccEnterpriseProvider = {4CA58AB2-18FA-4F8D-95D4-32DDF27D184C}
		SccTeamFoundationServer = http://192.168.253.77:8080/tfs/insiteonline
		SccProjectUniqueName0 = ..\\..\\SDI.EmailNotifier\\SDI.EmailNotifier\\SDI.EmailNotifier.vbproj
		SccProjectName0 = ../../SDI.EmailNotifier/SDI.EmailNotifier
		SccLocalPath0 = ..\\..\\SDI.EmailNotifier\\SDI.EmailNotifier
		SccProjectUniqueName1 = ..\\..\\SDI.ApplicationLogger\\SDI.ApplicationLogger\\SDI.ApplicationLogger.vbproj
		SccProjectName1 = ../../SDI.ApplicationLogger/SDI.ApplicationLogger
		SccLocalPath1 = ..\\..\\SDI.ApplicationLogger\\SDI.ApplicationLogger
		SccProjectUniqueName2 = HTTP_SOAP_INTFC\\HTTP_SOAP_INTFC.vbproj
		SccProjectName2 = HTTP_SOAP_INTFC
		SccLocalPath2 = HTTP_SOAP_INTFC
		SccLocalPath3 = .
	EndGlobalSection
	GlobalSection(SolutionConfigurationPlatforms) = preSolution
		Debug|Any CPU = Debug|Any CPU
		Debug|x86 = Debug|x86
		Release|Any CPU = Release|Any CPU
		Release|x86 = Release|x86
	EndGlobalSection
	GlobalSection(ProjectConfigurationPlatforms) = postSolution
		{44A6852C-CF04-4F2B-885A-E98C37E353D3}.Debug|Any CPU.ActiveCfg = Debug|Any CPU
		{44A6852C-CF04-4F2B-885A-E98C37E353D3}.Debug|Any CPU.Build.0 = Debug|Any CPU
		{44A6852C-CF04-4F2B-885A-E98C37E353D3}.Debug|x86.ActiveCfg = Debug|x86
		{44A6852C-CF04-4F2B-885A-E98C37E353D3}.Debug|x86.Build.0 = Debug|x86
		{44A6852C-CF04-4F2B-885A-E98C37E353D3}.Release|Any CPU.ActiveCfg = Release|Any CPU
		{44A6852C-CF04-4F2B-885A-E98C37E353D3}.Release|Any CPU.Build.0 = Release|Any CPU
		{44A6852C-CF04-4F2B-885A-E98C37E353D3}.Release|x86.ActiveCfg = Release|x86
		{44A6852C-CF04-4F2B-885A-E98C37E353D3}.Release|x86.Build.0 = Release|x86
		{E35057E1-F6E3-4969-B5E8-BD198B929C46}.Debug|Any CPU.ActiveCfg = Debug|Any CPU
		{E35057E1-F6E3-4969-B5E8-BD198B929C46}.Debug|Any CPU.Build.0 = Debug|Any CPU
		{E35057E1-F6E3-4969-B5E8-BD198B929C46}.Debug|x86.ActiveCfg = Debug|x86
		{E35057E1-F6E3-4969-B5E8-BD198B929C46}.Debug|x86.Build.0 = Debug|x86
		{E35057E1-F6E3-4969-B5E8-BD198B929C46}.Release|Any CPU.ActiveCfg = Release|Any CPU
		{E35057E1-F6E3-4969-B5E8-BD198B929C46}.Release|Any CPU.Build.0 = Release|Any CPU
		{E35057E1-F6E3-4969-B5E8-BD198B929C46}.Release|x86.ActiveCfg = Release|x86
		{E35057E1-F6E3-4969-B5E8-BD198B929C46}.Release|x86.Build.0 = Release|x86
		{49B46124-274E-40CE-B983-4487BEA2C069}.Debug|Any CPU.ActiveCfg = Debug|Any CPU
		{49B46124-274E-40CE-B983-4487BEA2C069}.Debug|Any CPU.Build.0 = Debug|Any CPU
		{49B46124-274E-40CE-B983-4487BEA2C069}.Debug|x86.ActiveCfg = Debug|x86
		{49B46124-274E-40CE-B983-4487BEA2C069}.Debug|x86.Build.0 = Debug|x86
		{49B46124-274E-40CE-B983-4487BEA2C069}.Release|Any CPU.ActiveCfg = Release|Any CPU
		{49B46124-274E-40CE-B983-4487BEA2C069}.Release|Any CPU.Build.0 = Release|Any CPU
		{49B46124-274E-40CE-B983-4487BEA2C069}.Release|x86.ActiveCfg = Release|x86
		{49B46124-274E-40CE-B983-4487BEA2C069}.Release|x86.Build.0 = Release|x86
	EndGlobalSection
	GlobalSection(SolutionProperties) = preSolution
		HideSolutionNode = FALSE
	EndGlobalSection
EndGlobal
