
Microsoft Visual Studio Solution File, Format Version 11.00
# Visual Studio 2010
Project("{F184B08F-C81C-45F6-A57F-5ABD9991F28F}") = "SDI.ApplicationLogger", "..\..\SDI.ApplicationLogger\SDI.ApplicationLogger\SDI.ApplicationLogger.vbproj", "{E35057E1-F6E3-4969-B5E8-BD198B929C46}"
EndProject
Project("{F184B08F-C81C-45F6-A57F-5ABD9991F28F}") = "SDI.EmailNotifier", "..\..\SDI.EmailNotifier\SDI.EmailNotifier\SDI.EmailNotifier.vbproj", "{49B46124-274E-40CE-B983-4487BEA2C069}"
EndProject
Project("{F184B08F-C81C-45F6-A57F-5ABD9991F28F}") = "HTTP_SOAP_INTFC", "..\HTTP_SOAP_INTFC\HTTP_SOAP_INTFC\HTTP_SOAP_INTFC.vbproj", "{44A6852C-CF04-4F2B-885A-E98C37E353D3}"
EndProject
Project("{F184B08F-C81C-45F6-A57F-5ABD9991F28F}") = "MOMBrandEAMParentApp", "..\MOMBrandEAMParentApp\MOMBrandEAMParentApp\MOMBrandEAMParentApp.vbproj", "{1316B7DD-5A01-45C9-A4A9-EE2778335C81}"
EndProject
Project("{F184B08F-C81C-45F6-A57F-5ABD9991F28F}") = "CYCCNT_HTTP_SOAP", "..\CYCCNT_HTTP_SOAP\CYCCNT_HTTP_SOAP\CYCCNT_HTTP_SOAP.vbproj", "{0AD307FF-9C17-4CAB-AC67-1FC5DFC1D763}"
EndProject
Project("{F184B08F-C81C-45F6-A57F-5ABD9991F28F}") = "INVADJ_HTTP_SOAP", "..\INVADJ_HTTP_SOAP\INVADJ_HTTP_SOAP\INVADJ_HTTP_SOAP.vbproj", "{9CCE4265-0826-4035-A7EA-17E1C3D8CF70}"
EndProject
Project("{F184B08F-C81C-45F6-A57F-5ABD9991F28F}") = "IOH_HTTP_SOAP", "..\IOH_HTTP_SOAP\IOH_HTTP_SOAP\IOH_HTTP_SOAP.vbproj", "{CE98D363-68FD-4CC2-8482-D399615F182D}"
EndProject
Project("{F184B08F-C81C-45F6-A57F-5ABD9991F28F}") = "ISSRET_HTTP_SOAP", "..\ISSRET_HTTP_SOAP\ISSRET_HTTP_SOAP\ISSRET_HTTP_SOAP.vbproj", "{76A4A2E5-2F41-46F4-828D-013B19B725F0}"
EndProject
Project("{F184B08F-C81C-45F6-A57F-5ABD9991F28F}") = "MATMST_HTTP_SOAP", "..\MATMST_HTTP_SOAP\MATMST_HTTP_SOAP\MATMST_HTTP_SOAP.vbproj", "{BC184BA6-016B-454B-B7C9-6B3BF7FE0E6A}"
EndProject
Project("{F184B08F-C81C-45F6-A57F-5ABD9991F28F}") = "PO_HTTP_SOAP", "..\PO_HTTP_SOAP\PO_HTTP_SOAP\PO_HTTP_SOAP.vbproj", "{EE56666D-781E-42EC-8FB6-1ECB241E8F3C}"
EndProject
Project("{F184B08F-C81C-45F6-A57F-5ABD9991F28F}") = "RCPTHTTP_SOAP", "..\RCPTHTTP_SOAP\RCPTHTTP_SOAP\RCPTHTTP_SOAP.vbproj", "{4701B25A-C4D5-4AF0-A49F-7E292573C769}"
EndProject
Project("{F184B08F-C81C-45F6-A57F-5ABD9991F28F}") = "WO_HTTP_SOAP", "..\WO_HTTP_SOAP\WO_HTTP_SOAP\WO_HTTP_SOAP.vbproj", "{BE219EB7-50B5-4561-B0E9-098AE1BEEEEE}"
EndProject
Project("{F184B08F-C81C-45F6-A57F-5ABD9991F28F}") = "XBIN_HTTP_SOAP", "..\XBIN_HTTP_SOAP\XBIN_HTTP_SOAP\XBIN_HTTP_SOAP.vbproj", "{58AD3936-6F69-42B7-802E-22F61AB0C890}"
EndProject
Project("{F184B08F-C81C-45F6-A57F-5ABD9991F28F}") = "XSTORE_HTTP_SOAP", "..\XSTORE_HTTP_SOAP\XSTORE_HTTP_SOAP\XSTORE_HTTP_SOAP.vbproj", "{F1C3CE80-3D43-4E83-8288-17F09F954EBB}"
EndProject
Project("{F184B08F-C81C-45F6-A57F-5ABD9991F28F}") = "MATMST_NEW_IOH", "..\MATMST_NEW_IOH\MATMST_NEW_IOH\MATMST_NEW_IOH.vbproj", "{E51FCE77-3EDE-4591-8C5A-CD1D7C692109}"
EndProject
Project("{F184B08F-C81C-45F6-A57F-5ABD9991F28F}") = "RCPT_PRICE_HTTP_SOAP", "..\RCPT_PRICE_HTTP_SOAP\RCPT_PRICE_HTTP_SOAP\RCPT_PRICE_HTTP_SOAP\RCPT_PRICE_HTTP_SOAP.vbproj", "{89056980-6B7C-49B1-8764-50A58BEC73CB}"
EndProject
Project("{F184B08F-C81C-45F6-A57F-5ABD9991F28F}") = "POWO_HTTP_SOAP", "..\POWO_HTTP_SOAP\POWO_HTTP_SOAP\POWO_HTTP_SOAP\POWO_HTTP_SOAP.vbproj", "{4083C118-C7D2-4AAC-91A4-1DBBDF7A8FC2}"
EndProject
Project("{F184B08F-C81C-45F6-A57F-5ABD9991F28F}") = "WOSTAT_HTTP_SOAP", "..\WOSTAT_HTTP_SOAP\WOSTAT_HTTP_SOAP\WOSTAT_HTTP_SOAP\WOSTAT_HTTP_SOAP.vbproj", "{D36A9EE6-0F9E-461B-A2D3-B178C1811EF8}"
EndProject
Global
	GlobalSection(TeamFoundationVersionControl) = preSolution
		SccNumberOfProjects = 19
		SccEnterpriseProvider = {4CA58AB2-18FA-4F8D-95D4-32DDF27D184C}
		SccTeamFoundationServer = http://192.168.253.77:8080/tfs/insiteonline
		SccLocalPath0 = .
		SccProjectUniqueName1 = ..\\..\\SDI.ApplicationLogger\\SDI.ApplicationLogger\\SDI.ApplicationLogger.vbproj
		SccProjectName1 = ../../SDI.ApplicationLogger/SDI.ApplicationLogger
		SccLocalPath1 = ..\\..\\SDI.ApplicationLogger\\SDI.ApplicationLogger
		SccProjectUniqueName2 = ..\\..\\SDI.EmailNotifier\\SDI.EmailNotifier\\SDI.EmailNotifier.vbproj
		SccProjectName2 = ../../SDI.EmailNotifier/SDI.EmailNotifier
		SccLocalPath2 = ..\\..\\SDI.EmailNotifier\\SDI.EmailNotifier
		SccProjectUniqueName3 = ..\\HTTP_SOAP_INTFC\\HTTP_SOAP_INTFC\\HTTP_SOAP_INTFC.vbproj
		SccProjectName3 = ../HTTP_SOAP_INTFC/HTTP_SOAP_INTFC
		SccLocalPath3 = ..\\HTTP_SOAP_INTFC\\HTTP_SOAP_INTFC
		SccProjectUniqueName4 = ..\\MOMBrandEAMParentApp\\MOMBrandEAMParentApp\\MOMBrandEAMParentApp.vbproj
		SccProjectName4 = ../MOMBrandEAMParentApp/MOMBrandEAMParentApp
		SccLocalPath4 = ..\\MOMBrandEAMParentApp\\MOMBrandEAMParentApp
		SccProjectUniqueName5 = ..\\CYCCNT_HTTP_SOAP\\CYCCNT_HTTP_SOAP\\CYCCNT_HTTP_SOAP.vbproj
		SccProjectName5 = ../CYCCNT_HTTP_SOAP/CYCCNT_HTTP_SOAP
		SccLocalPath5 = ..\\CYCCNT_HTTP_SOAP\\CYCCNT_HTTP_SOAP
		SccProjectUniqueName6 = ..\\INVADJ_HTTP_SOAP\\INVADJ_HTTP_SOAP\\INVADJ_HTTP_SOAP.vbproj
		SccProjectName6 = ../INVADJ_HTTP_SOAP/INVADJ_HTTP_SOAP
		SccLocalPath6 = ..\\INVADJ_HTTP_SOAP\\INVADJ_HTTP_SOAP
		SccProjectUniqueName7 = ..\\IOH_HTTP_SOAP\\IOH_HTTP_SOAP\\IOH_HTTP_SOAP.vbproj
		SccProjectName7 = ../IOH_HTTP_SOAP/IOH_HTTP_SOAP
		SccLocalPath7 = ..\\IOH_HTTP_SOAP\\IOH_HTTP_SOAP
		SccProjectUniqueName8 = ..\\ISSRET_HTTP_SOAP\\ISSRET_HTTP_SOAP\\ISSRET_HTTP_SOAP.vbproj
		SccProjectName8 = ../ISSRET_HTTP_SOAP/ISSRET_HTTP_SOAP
		SccLocalPath8 = ..\\ISSRET_HTTP_SOAP\\ISSRET_HTTP_SOAP
		SccProjectUniqueName9 = ..\\MATMST_HTTP_SOAP\\MATMST_HTTP_SOAP\\MATMST_HTTP_SOAP.vbproj
		SccProjectName9 = ../MATMST_HTTP_SOAP/MATMST_HTTP_SOAP
		SccLocalPath9 = ..\\MATMST_HTTP_SOAP\\MATMST_HTTP_SOAP
		SccProjectUniqueName10 = ..\\PO_HTTP_SOAP\\PO_HTTP_SOAP\\PO_HTTP_SOAP.vbproj
		SccProjectName10 = ../PO_HTTP_SOAP/PO_HTTP_SOAP
		SccLocalPath10 = ..\\PO_HTTP_SOAP\\PO_HTTP_SOAP
		SccProjectUniqueName11 = ..\\RCPTHTTP_SOAP\\RCPTHTTP_SOAP\\RCPTHTTP_SOAP.vbproj
		SccProjectName11 = ../RCPTHTTP_SOAP/RCPTHTTP_SOAP
		SccLocalPath11 = ..\\RCPTHTTP_SOAP\\RCPTHTTP_SOAP
		SccProjectUniqueName12 = ..\\WO_HTTP_SOAP\\WO_HTTP_SOAP\\WO_HTTP_SOAP.vbproj
		SccProjectName12 = ../WO_HTTP_SOAP/WO_HTTP_SOAP
		SccLocalPath12 = ..\\WO_HTTP_SOAP\\WO_HTTP_SOAP
		SccProjectUniqueName13 = ..\\XBIN_HTTP_SOAP\\XBIN_HTTP_SOAP\\XBIN_HTTP_SOAP.vbproj
		SccProjectName13 = ../XBIN_HTTP_SOAP/XBIN_HTTP_SOAP
		SccLocalPath13 = ..\\XBIN_HTTP_SOAP\\XBIN_HTTP_SOAP
		SccProjectUniqueName14 = ..\\XSTORE_HTTP_SOAP\\XSTORE_HTTP_SOAP\\XSTORE_HTTP_SOAP.vbproj
		SccProjectName14 = ../XSTORE_HTTP_SOAP/XSTORE_HTTP_SOAP
		SccLocalPath14 = ..\\XSTORE_HTTP_SOAP\\XSTORE_HTTP_SOAP
		SccProjectUniqueName15 = ..\\MATMST_NEW_IOH\\MATMST_NEW_IOH\\MATMST_NEW_IOH.vbproj
		SccProjectName15 = ../MATMST_NEW_IOH/MATMST_NEW_IOH
		SccLocalPath15 = ..\\MATMST_NEW_IOH\\MATMST_NEW_IOH
		SccProjectUniqueName16 = ..\\RCPT_PRICE_HTTP_SOAP\\RCPT_PRICE_HTTP_SOAP\\RCPT_PRICE_HTTP_SOAP\\RCPT_PRICE_HTTP_SOAP.vbproj
		SccProjectName16 = ../RCPT_PRICE_HTTP_SOAP/RCPT_PRICE_HTTP_SOAP/RCPT_PRICE_HTTP_SOAP
		SccLocalPath16 = ..\\RCPT_PRICE_HTTP_SOAP\\RCPT_PRICE_HTTP_SOAP\\RCPT_PRICE_HTTP_SOAP
		SccProjectUniqueName17 = ..\\POWO_HTTP_SOAP\\POWO_HTTP_SOAP\\POWO_HTTP_SOAP\\POWO_HTTP_SOAP.vbproj
		SccProjectName17 = ../POWO_HTTP_SOAP/POWO_HTTP_SOAP/POWO_HTTP_SOAP
		SccLocalPath17 = ..\\POWO_HTTP_SOAP\\POWO_HTTP_SOAP\\POWO_HTTP_SOAP
		SccProjectUniqueName18 = ..\\WOSTAT_HTTP_SOAP\\WOSTAT_HTTP_SOAP\\WOSTAT_HTTP_SOAP\\WOSTAT_HTTP_SOAP.vbproj
		SccProjectName18 = ../WOSTAT_HTTP_SOAP/WOSTAT_HTTP_SOAP/WOSTAT_HTTP_SOAP
		SccLocalPath18 = ..\\WOSTAT_HTTP_SOAP\\WOSTAT_HTTP_SOAP\\WOSTAT_HTTP_SOAP
	EndGlobalSection
	GlobalSection(SolutionConfigurationPlatforms) = preSolution
		Debug|Any CPU = Debug|Any CPU
		Debug|x86 = Debug|x86
		Release|Any CPU = Release|Any CPU
		Release|x86 = Release|x86
	EndGlobalSection
	GlobalSection(ProjectConfigurationPlatforms) = postSolution
		{E35057E1-F6E3-4969-B5E8-BD198B929C46}.Debug|Any CPU.ActiveCfg = Debug|Any CPU
		{E35057E1-F6E3-4969-B5E8-BD198B929C46}.Debug|Any CPU.Build.0 = Debug|Any CPU
		{E35057E1-F6E3-4969-B5E8-BD198B929C46}.Debug|x86.ActiveCfg = Debug|x86
		{E35057E1-F6E3-4969-B5E8-BD198B929C46}.Debug|x86.Build.0 = Debug|x86
		{E35057E1-F6E3-4969-B5E8-BD198B929C46}.Release|Any CPU.ActiveCfg = Release|Any CPU
		{E35057E1-F6E3-4969-B5E8-BD198B929C46}.Release|Any CPU.Build.0 = Release|Any CPU
		{E35057E1-F6E3-4969-B5E8-BD198B929C46}.Release|x86.ActiveCfg = Release|x86
		{E35057E1-F6E3-4969-B5E8-BD198B929C46}.Release|x86.Build.0 = Release|x86
		{49B46124-274E-40CE-B983-4487BEA2C069}.Debug|Any CPU.ActiveCfg = Debug|Any CPU
		{49B46124-274E-40CE-B983-4487BEA2C069}.Debug|Any CPU.Build.0 = Debug|Any CPU
		{49B46124-274E-40CE-B983-4487BEA2C069}.Debug|x86.ActiveCfg = Debug|x86
		{49B46124-274E-40CE-B983-4487BEA2C069}.Debug|x86.Build.0 = Debug|x86
		{49B46124-274E-40CE-B983-4487BEA2C069}.Release|Any CPU.ActiveCfg = Release|Any CPU
		{49B46124-274E-40CE-B983-4487BEA2C069}.Release|Any CPU.Build.0 = Release|Any CPU
		{49B46124-274E-40CE-B983-4487BEA2C069}.Release|x86.ActiveCfg = Release|x86
		{49B46124-274E-40CE-B983-4487BEA2C069}.Release|x86.Build.0 = Release|x86
		{44A6852C-CF04-4F2B-885A-E98C37E353D3}.Debug|Any CPU.ActiveCfg = Debug|Any CPU
		{44A6852C-CF04-4F2B-885A-E98C37E353D3}.Debug|Any CPU.Build.0 = Debug|Any CPU
		{44A6852C-CF04-4F2B-885A-E98C37E353D3}.Debug|x86.ActiveCfg = Debug|x86
		{44A6852C-CF04-4F2B-885A-E98C37E353D3}.Debug|x86.Build.0 = Debug|x86
		{44A6852C-CF04-4F2B-885A-E98C37E353D3}.Release|Any CPU.ActiveCfg = Release|Any CPU
		{44A6852C-CF04-4F2B-885A-E98C37E353D3}.Release|Any CPU.Build.0 = Release|Any CPU
		{44A6852C-CF04-4F2B-885A-E98C37E353D3}.Release|x86.ActiveCfg = Release|x86
		{44A6852C-CF04-4F2B-885A-E98C37E353D3}.Release|x86.Build.0 = Release|x86
		{1316B7DD-5A01-45C9-A4A9-EE2778335C81}.Debug|Any CPU.ActiveCfg = Debug|Any CPU
		{1316B7DD-5A01-45C9-A4A9-EE2778335C81}.Debug|Any CPU.Build.0 = Debug|Any CPU
		{1316B7DD-5A01-45C9-A4A9-EE2778335C81}.Debug|x86.ActiveCfg = Debug|x86
		{1316B7DD-5A01-45C9-A4A9-EE2778335C81}.Debug|x86.Build.0 = Debug|x86
		{1316B7DD-5A01-45C9-A4A9-EE2778335C81}.Release|Any CPU.ActiveCfg = Release|Any CPU
		{1316B7DD-5A01-45C9-A4A9-EE2778335C81}.Release|Any CPU.Build.0 = Release|Any CPU
		{1316B7DD-5A01-45C9-A4A9-EE2778335C81}.Release|x86.ActiveCfg = Release|x86
		{1316B7DD-5A01-45C9-A4A9-EE2778335C81}.Release|x86.Build.0 = Release|x86
		{0AD307FF-9C17-4CAB-AC67-1FC5DFC1D763}.Debug|Any CPU.ActiveCfg = Debug|x86
		{0AD307FF-9C17-4CAB-AC67-1FC5DFC1D763}.Debug|x86.ActiveCfg = Debug|x86
		{0AD307FF-9C17-4CAB-AC67-1FC5DFC1D763}.Debug|x86.Build.0 = Debug|x86
		{0AD307FF-9C17-4CAB-AC67-1FC5DFC1D763}.Release|Any CPU.ActiveCfg = Release|x86
		{0AD307FF-9C17-4CAB-AC67-1FC5DFC1D763}.Release|x86.ActiveCfg = Release|x86
		{0AD307FF-9C17-4CAB-AC67-1FC5DFC1D763}.Release|x86.Build.0 = Release|x86
		{9CCE4265-0826-4035-A7EA-17E1C3D8CF70}.Debug|Any CPU.ActiveCfg = Debug|x86
		{9CCE4265-0826-4035-A7EA-17E1C3D8CF70}.Debug|x86.ActiveCfg = Debug|x86
		{9CCE4265-0826-4035-A7EA-17E1C3D8CF70}.Debug|x86.Build.0 = Debug|x86
		{9CCE4265-0826-4035-A7EA-17E1C3D8CF70}.Release|Any CPU.ActiveCfg = Release|x86
		{9CCE4265-0826-4035-A7EA-17E1C3D8CF70}.Release|x86.ActiveCfg = Release|x86
		{9CCE4265-0826-4035-A7EA-17E1C3D8CF70}.Release|x86.Build.0 = Release|x86
		{CE98D363-68FD-4CC2-8482-D399615F182D}.Debug|Any CPU.ActiveCfg = Debug|x86
		{CE98D363-68FD-4CC2-8482-D399615F182D}.Debug|x86.ActiveCfg = Debug|x86
		{CE98D363-68FD-4CC2-8482-D399615F182D}.Debug|x86.Build.0 = Debug|x86
		{CE98D363-68FD-4CC2-8482-D399615F182D}.Release|Any CPU.ActiveCfg = Release|x86
		{CE98D363-68FD-4CC2-8482-D399615F182D}.Release|x86.ActiveCfg = Release|x86
		{CE98D363-68FD-4CC2-8482-D399615F182D}.Release|x86.Build.0 = Release|x86
		{76A4A2E5-2F41-46F4-828D-013B19B725F0}.Debug|Any CPU.ActiveCfg = Debug|x86
		{76A4A2E5-2F41-46F4-828D-013B19B725F0}.Debug|x86.ActiveCfg = Debug|x86
		{76A4A2E5-2F41-46F4-828D-013B19B725F0}.Debug|x86.Build.0 = Debug|x86
		{76A4A2E5-2F41-46F4-828D-013B19B725F0}.Release|Any CPU.ActiveCfg = Release|x86
		{76A4A2E5-2F41-46F4-828D-013B19B725F0}.Release|x86.ActiveCfg = Release|x86
		{76A4A2E5-2F41-46F4-828D-013B19B725F0}.Release|x86.Build.0 = Release|x86
		{BC184BA6-016B-454B-B7C9-6B3BF7FE0E6A}.Debug|Any CPU.ActiveCfg = Debug|x86
		{BC184BA6-016B-454B-B7C9-6B3BF7FE0E6A}.Debug|x86.ActiveCfg = Debug|x86
		{BC184BA6-016B-454B-B7C9-6B3BF7FE0E6A}.Debug|x86.Build.0 = Debug|x86
		{BC184BA6-016B-454B-B7C9-6B3BF7FE0E6A}.Release|Any CPU.ActiveCfg = Release|x86
		{BC184BA6-016B-454B-B7C9-6B3BF7FE0E6A}.Release|x86.ActiveCfg = Release|x86
		{BC184BA6-016B-454B-B7C9-6B3BF7FE0E6A}.Release|x86.Build.0 = Release|x86
		{EE56666D-781E-42EC-8FB6-1ECB241E8F3C}.Debug|Any CPU.ActiveCfg = Debug|x86
		{EE56666D-781E-42EC-8FB6-1ECB241E8F3C}.Debug|x86.ActiveCfg = Debug|x86
		{EE56666D-781E-42EC-8FB6-1ECB241E8F3C}.Debug|x86.Build.0 = Debug|x86
		{EE56666D-781E-42EC-8FB6-1ECB241E8F3C}.Release|Any CPU.ActiveCfg = Release|x86
		{EE56666D-781E-42EC-8FB6-1ECB241E8F3C}.Release|x86.ActiveCfg = Release|x86
		{EE56666D-781E-42EC-8FB6-1ECB241E8F3C}.Release|x86.Build.0 = Release|x86
		{4701B25A-C4D5-4AF0-A49F-7E292573C769}.Debug|Any CPU.ActiveCfg = Debug|x86
		{4701B25A-C4D5-4AF0-A49F-7E292573C769}.Debug|x86.ActiveCfg = Debug|x86
		{4701B25A-C4D5-4AF0-A49F-7E292573C769}.Debug|x86.Build.0 = Debug|x86
		{4701B25A-C4D5-4AF0-A49F-7E292573C769}.Release|Any CPU.ActiveCfg = Release|x86
		{4701B25A-C4D5-4AF0-A49F-7E292573C769}.Release|x86.ActiveCfg = Release|x86
		{4701B25A-C4D5-4AF0-A49F-7E292573C769}.Release|x86.Build.0 = Release|x86
		{BE219EB7-50B5-4561-B0E9-098AE1BEEEEE}.Debug|Any CPU.ActiveCfg = Debug|x86
		{BE219EB7-50B5-4561-B0E9-098AE1BEEEEE}.Debug|x86.ActiveCfg = Debug|x86
		{BE219EB7-50B5-4561-B0E9-098AE1BEEEEE}.Debug|x86.Build.0 = Debug|x86
		{BE219EB7-50B5-4561-B0E9-098AE1BEEEEE}.Release|Any CPU.ActiveCfg = Release|x86
		{BE219EB7-50B5-4561-B0E9-098AE1BEEEEE}.Release|x86.ActiveCfg = Release|x86
		{BE219EB7-50B5-4561-B0E9-098AE1BEEEEE}.Release|x86.Build.0 = Release|x86
		{58AD3936-6F69-42B7-802E-22F61AB0C890}.Debug|Any CPU.ActiveCfg = Debug|x86
		{58AD3936-6F69-42B7-802E-22F61AB0C890}.Debug|x86.ActiveCfg = Debug|x86
		{58AD3936-6F69-42B7-802E-22F61AB0C890}.Debug|x86.Build.0 = Debug|x86
		{58AD3936-6F69-42B7-802E-22F61AB0C890}.Release|Any CPU.ActiveCfg = Release|x86
		{58AD3936-6F69-42B7-802E-22F61AB0C890}.Release|x86.ActiveCfg = Release|x86
		{58AD3936-6F69-42B7-802E-22F61AB0C890}.Release|x86.Build.0 = Release|x86
		{F1C3CE80-3D43-4E83-8288-17F09F954EBB}.Debug|Any CPU.ActiveCfg = Debug|x86
		{F1C3CE80-3D43-4E83-8288-17F09F954EBB}.Debug|x86.ActiveCfg = Debug|x86
		{F1C3CE80-3D43-4E83-8288-17F09F954EBB}.Debug|x86.Build.0 = Debug|x86
		{F1C3CE80-3D43-4E83-8288-17F09F954EBB}.Release|Any CPU.ActiveCfg = Release|x86
		{F1C3CE80-3D43-4E83-8288-17F09F954EBB}.Release|x86.ActiveCfg = Release|x86
		{F1C3CE80-3D43-4E83-8288-17F09F954EBB}.Release|x86.Build.0 = Release|x86
		{E51FCE77-3EDE-4591-8C5A-CD1D7C692109}.Debug|Any CPU.ActiveCfg = Debug|x86
		{E51FCE77-3EDE-4591-8C5A-CD1D7C692109}.Debug|x86.ActiveCfg = Debug|x86
		{E51FCE77-3EDE-4591-8C5A-CD1D7C692109}.Debug|x86.Build.0 = Debug|x86
		{E51FCE77-3EDE-4591-8C5A-CD1D7C692109}.Release|Any CPU.ActiveCfg = Release|x86
		{E51FCE77-3EDE-4591-8C5A-CD1D7C692109}.Release|x86.ActiveCfg = Release|x86
		{E51FCE77-3EDE-4591-8C5A-CD1D7C692109}.Release|x86.Build.0 = Release|x86
		{89056980-6B7C-49B1-8764-50A58BEC73CB}.Debug|Any CPU.ActiveCfg = Debug|x86
		{89056980-6B7C-49B1-8764-50A58BEC73CB}.Debug|x86.ActiveCfg = Debug|x86
		{89056980-6B7C-49B1-8764-50A58BEC73CB}.Debug|x86.Build.0 = Debug|x86
		{89056980-6B7C-49B1-8764-50A58BEC73CB}.Release|Any CPU.ActiveCfg = Release|x86
		{89056980-6B7C-49B1-8764-50A58BEC73CB}.Release|x86.ActiveCfg = Release|x86
		{89056980-6B7C-49B1-8764-50A58BEC73CB}.Release|x86.Build.0 = Release|x86
		{4083C118-C7D2-4AAC-91A4-1DBBDF7A8FC2}.Debug|Any CPU.ActiveCfg = Debug|x86
		{4083C118-C7D2-4AAC-91A4-1DBBDF7A8FC2}.Debug|x86.ActiveCfg = Debug|x86
		{4083C118-C7D2-4AAC-91A4-1DBBDF7A8FC2}.Debug|x86.Build.0 = Debug|x86
		{4083C118-C7D2-4AAC-91A4-1DBBDF7A8FC2}.Release|Any CPU.ActiveCfg = Release|x86
		{4083C118-C7D2-4AAC-91A4-1DBBDF7A8FC2}.Release|x86.ActiveCfg = Release|x86
		{4083C118-C7D2-4AAC-91A4-1DBBDF7A8FC2}.Release|x86.Build.0 = Release|x86
		{D36A9EE6-0F9E-461B-A2D3-B178C1811EF8}.Debug|Any CPU.ActiveCfg = Debug|x86
		{D36A9EE6-0F9E-461B-A2D3-B178C1811EF8}.Debug|x86.ActiveCfg = Debug|x86
		{D36A9EE6-0F9E-461B-A2D3-B178C1811EF8}.Debug|x86.Build.0 = Debug|x86
		{D36A9EE6-0F9E-461B-A2D3-B178C1811EF8}.Release|Any CPU.ActiveCfg = Release|x86
		{D36A9EE6-0F9E-461B-A2D3-B178C1811EF8}.Release|x86.ActiveCfg = Release|x86
		{D36A9EE6-0F9E-461B-A2D3-B178C1811EF8}.Release|x86.Build.0 = Release|x86
	EndGlobalSection
	GlobalSection(SolutionProperties) = preSolution
		HideSolutionNode = FALSE
	EndGlobalSection
EndGlobal
